
Microsoft Visual Studio Solution File, Format Version 12.00
# Visual Studio 15
VisualStudioVersion = 15.0.28307.421
MinimumVisualStudioVersion = 10.0.40219.1
Project("{FAE04EC0-301F-11D3-BF4B-00C04F79EFBC}") = "ModelApp", "ModelApp\ModelApp.csproj", "{9773924C-E682-4A9E-8204-48BDFB996294}"
EndProject
Project("{FAE04EC0-301F-11D3-BF4B-00C04F79EFBC}") = "WebDemo", "WebDemo\WebDemo.csproj", "{6A23E013-9463-4BE6-BDB5-66E8DEDF5265}"
EndProject
Project("{FAE04EC0-301F-11D3-BF4B-00C04F79EFBC}") = "YEasyModel", "YEasyModel\YEasyModel.csproj", "{F4B40F9F-BF9E-4741-837C-B0072FB7ABEF}"
EndProject
Global
	GlobalSection(SolutionConfigurationPlatforms) = preSolution
		Debug|Any CPU = Debug|Any CPU
		Release|Any CPU = Release|Any CPU
	EndGlobalSection
	GlobalSection(ProjectConfigurationPlatforms) = postSolution
		{9773924C-E682-4A9E-8204-48BDFB996294}.Debug|Any CPU.ActiveCfg = Debug|Any CPU
		{9773924C-E682-4A9E-8204-48BDFB996294}.Debug|Any CPU.Build.0 = Debug|Any CPU
		{9773924C-E682-4A9E-8204-48BDFB996294}.Release|Any CPU.ActiveCfg = Release|Any CPU
		{9773924C-E682-4A9E-8204-48BDFB996294}.Release|Any CPU.Build.0 = Release|Any CPU
		{6A23E013-9463-4BE6-BDB5-66E8DEDF5265}.Debug|Any CPU.ActiveCfg = Debug|Any CPU
		{6A23E013-9463-4BE6-BDB5-66E8DEDF5265}.Debug|Any CPU.Build.0 = Debug|Any CPU
		{6A23E013-9463-4BE6-BDB5-66E8DEDF5265}.Release|Any CPU.ActiveCfg = Release|Any CPU
		{6A23E013-9463-4BE6-BDB5-66E8DEDF5265}.Release|Any CPU.Build.0 = Release|Any CPU
		{F4B40F9F-BF9E-4741-837C-B0072FB7ABEF}.Debug|Any CPU.ActiveCfg = Debug|Any CPU
		{F4B40F9F-BF9E-4741-837C-B0072FB7ABEF}.Debug|Any CPU.Build.0 = Debug|Any CPU
		{F4B40F9F-BF9E-4741-837C-B0072FB7ABEF}.Release|Any CPU.ActiveCfg = Release|Any CPU
		{F4B40F9F-BF9E-4741-837C-B0072FB7ABEF}.Release|Any CPU.Build.0 = Release|Any CPU
	EndGlobalSection
	GlobalSection(SolutionProperties) = preSolution
		HideSolutionNode = FALSE
	EndGlobalSection
	GlobalSection(ExtensibilityGlobals) = postSolution
		SolutionGuid = {80589A44-B7DB-41EE-8B06-F6CC9229BCB0}
	EndGlobalSection
EndGlobal
